
Microsoft Visual Studio Solution File, Format Version 12.00
# Visual Studio Version 17
VisualStudioVersion = 17.14.36603.0
MinimumVisualStudioVersion = 10.0.40219.1
Project("{FAE04EC0-301F-11D3-BF4B-00C04F79EFBC}") = "Domain", "Domain\Domain.csproj", "{486829B1-5787-47BB-840F-D3911733ECD0}"
EndProject
Project("{FAE04EC0-301F-11D3-BF4B-00C04F79EFBC}") = "Infrastructure", "Infrastructure\Infrastructure.csproj", "{72F44D2D-ED09-4563-A1C4-0DEF70FE5806}"
EndProject
Project("{FAE04EC0-301F-11D3-BF4B-00C04F79EFBC}") = "Application", "Application\Application.csproj", "{9E9E8D3A-4C93-457D-86CF-379B81AFA229}"
EndProject
Project("{2150E333-8FDC-42A3-9474-1A3956D46DE8}") = "UI", "UI", "{02EA681E-C7D8-13C7-8484-4AC65E1B71E8}"
EndProject
Project("{FAE04EC0-301F-11D3-BF4B-00C04F79EFBC}") = "HemaBazaar.MVC", "HemaBazaar.MVC\HemaBazaar.MVC.csproj", "{0EDD62F1-21C0-4042-852C-533F6D548EA0}"
EndProject
Global
	GlobalSection(SolutionConfigurationPlatforms) = preSolution
		Debug|Any CPU = Debug|Any CPU
		Release|Any CPU = Release|Any CPU
	EndGlobalSection
	GlobalSection(ProjectConfigurationPlatforms) = postSolution
		{486829B1-5787-47BB-840F-D3911733ECD0}.Debug|Any CPU.ActiveCfg = Debug|Any CPU
		{486829B1-5787-47BB-840F-D3911733ECD0}.Debug|Any CPU.Build.0 = Debug|Any CPU
		{486829B1-5787-47BB-840F-D3911733ECD0}.Release|Any CPU.ActiveCfg = Release|Any CPU
		{486829B1-5787-47BB-840F-D3911733ECD0}.Release|Any CPU.Build.0 = Release|Any CPU
		{72F44D2D-ED09-4563-A1C4-0DEF70FE5806}.Debug|Any CPU.ActiveCfg = Debug|Any CPU
		{72F44D2D-ED09-4563-A1C4-0DEF70FE5806}.Debug|Any CPU.Build.0 = Debug|Any CPU
		{72F44D2D-ED09-4563-A1C4-0DEF70FE5806}.Release|Any CPU.ActiveCfg = Release|Any CPU
		{72F44D2D-ED09-4563-A1C4-0DEF70FE5806}.Release|Any CPU.Build.0 = Release|Any CPU
		{9E9E8D3A-4C93-457D-86CF-379B81AFA229}.Debug|Any CPU.ActiveCfg = Debug|Any CPU
		{9E9E8D3A-4C93-457D-86CF-379B81AFA229}.Debug|Any CPU.Build.0 = Debug|Any CPU
		{9E9E8D3A-4C93-457D-86CF-379B81AFA229}.Release|Any CPU.ActiveCfg = Release|Any CPU
		{9E9E8D3A-4C93-457D-86CF-379B81AFA229}.Release|Any CPU.Build.0 = Release|Any CPU
		{0EDD62F1-21C0-4042-852C-533F6D548EA0}.Debug|Any CPU.ActiveCfg = Debug|Any CPU
		{0EDD62F1-21C0-4042-852C-533F6D548EA0}.Debug|Any CPU.Build.0 = Debug|Any CPU
		{0EDD62F1-21C0-4042-852C-533F6D548EA0}.Release|Any CPU.ActiveCfg = Release|Any CPU
		{0EDD62F1-21C0-4042-852C-533F6D548EA0}.Release|Any CPU.Build.0 = Release|Any CPU
	EndGlobalSection
	GlobalSection(SolutionProperties) = preSolution
		HideSolutionNode = FALSE
	EndGlobalSection
	GlobalSection(NestedProjects) = preSolution
		{0EDD62F1-21C0-4042-852C-533F6D548EA0} = {02EA681E-C7D8-13C7-8484-4AC65E1B71E8}
	EndGlobalSection
	GlobalSection(ExtensibilityGlobals) = postSolution
		SolutionGuid = {85B4CA66-95ED-4C72-826B-EDE90821AC3B}
	EndGlobalSection
EndGlobal
